
Microsoft Visual Studio Solution File, Format Version 12.00
# Visual Studio Version 17
VisualStudioVersion = 17.13.35931.197 d17.13
MinimumVisualStudioVersion = 10.0.40219.1
Project("{FAE04EC0-301F-11D3-BF4B-00C04F79EFBC}") = "ExpenseIt", "ExpenseIt\ExpenseIt.csproj", "{61A056C4-713D-4452-A5C0-9F66C0F1335E}"
EndProject
Global
	GlobalSection(SolutionConfigurationPlatforms) = preSolution
		Debug|Any CPU = Debug|Any CPU
		Release|Any CPU = Release|Any CPU
	EndGlobalSection
	GlobalSection(ProjectConfigurationPlatforms) = postSolution
		{61A056C4-713D-4452-A5C0-9F66C0F1335E}.Debug|Any CPU.ActiveCfg = Debug|Any CPU
		{61A056C4-713D-4452-A5C0-9F66C0F1335E}.Debug|Any CPU.Build.0 = Debug|Any CPU
		{61A056C4-713D-4452-A5C0-9F66C0F1335E}.Release|Any CPU.ActiveCfg = Release|Any CPU
		{61A056C4-713D-4452-A5C0-9F66C0F1335E}.Release|Any CPU.Build.0 = Release|Any CPU
	EndGlobalSection
	GlobalSection(SolutionProperties) = preSolution
		HideSolutionNode = FALSE
	EndGlobalSection
	GlobalSection(ExtensibilityGlobals) = postSolution
		SolutionGuid = {5A2F4A0A-1D05-4FEF-8A06-6B71B5AA9C4C}
	EndGlobalSection
EndGlobal
